
Microsoft Visual Studio Solution File, Format Version 12.00
# Visual Studio Version 16
VisualStudioVersion = 16.0.28917.181
MinimumVisualStudioVersion = 10.0.40219.1
Project("{2150E333-8FDC-42A3-9474-1A3956D46DE8}") = "Domain", "Domain", "{81D7AA32-40AA-402A-AA50-207B38368C6B}"
EndProject
Project("{9A19103F-16F7-4668-BE54-9A1E7A4F7556}") = "QnA.Domain", "QnA.Domain\QnA.Domain.csproj", "{E6E0545D-019A-45E5-958B-2FF16171B151}"
EndProject
Project("{2150E333-8FDC-42A3-9474-1A3956D46DE8}") = "Infrastructure", "Infrastructure", "{677C8110-BE22-4571-BC97-C30D68D439D5}"
EndProject
Project("{2150E333-8FDC-42A3-9474-1A3956D46DE8}") = "Application", "Application", "{F3FDF9BD-FA22-4F7E-B016-2D3AA30B7E92}"
EndProject
Project("{9A19103F-16F7-4668-BE54-9A1E7A4F7556}") = "QnA.Application", "QnA.Application\QnA.Application.csproj", "{22D0AB89-8F45-4A9E-AA59-F11EE78EE7F7}"
EndProject
Project("{9A19103F-16F7-4668-BE54-9A1E7A4F7556}") = "QnA.Persistence", "QnA.Persistence\QnA.Persistence.csproj", "{9F6C94C4-0AE7-409E-ADBE-C650001DD5F8}"
EndProject
Project("{9A19103F-16F7-4668-BE54-9A1E7A4F7556}") = "QnA.Authentication", "QnA.Authentication\QnA.Authentication.csproj", "{D13CFB22-C232-478C-801F-130D9A448388}"
EndProject
Project("{2150E333-8FDC-42A3-9474-1A3956D46DE8}") = "Common", "Common", "{3FA42532-B19E-45AF-9CEA-3975E1C31EAD}"
EndProject
Project("{9A19103F-16F7-4668-BE54-9A1E7A4F7556}") = "QnA.Common", "QnA.Common\QnA.Common.csproj", "{2FEA7FE6-32AE-4332-A3C8-CB45DD45123F}"
EndProject
Project("{9A19103F-16F7-4668-BE54-9A1E7A4F7556}") = "QnA.Security", "QnA.Security\QnA.Security.csproj", "{C3529DA5-94D9-44FE-BE33-4F63255F117F}"
EndProject
Project("{9A19103F-16F7-4668-BE54-9A1E7A4F7556}") = "QnA.FileStorage", "QnA.FileStorage\QnA.FileStorage.csproj", "{548942CB-8B2F-4FD5-9A07-B36D432080C7}"
EndProject
Project("{9A19103F-16F7-4668-BE54-9A1E7A4F7556}") = "QnA.RealTime", "QnA.RealTime\QnA.RealTime.csproj", "{2D8183B6-EDE7-460C-8DCA-73A493EDF77A}"
EndProject
Project("{2150E333-8FDC-42A3-9474-1A3956D46DE8}") = "Web", "Web", "{4ABA1E83-5816-4ED2-ADB4-C534E80E9C4C}"
EndProject
Project("{9A19103F-16F7-4668-BE54-9A1E7A4F7556}") = "QnA.Api", "QnA.Api\QnA.Api.csproj", "{053DF486-A2CD-4F20-924C-99C67CD68AFA}"
EndProject
Project("{2150E333-8FDC-42A3-9474-1A3956D46DE8}") = "Authorization", "Authorization", "{DC9C7EC9-5DE6-45C4-8E98-A6DF1DF283DC}"
EndProject
Project("{9A19103F-16F7-4668-BE54-9A1E7A4F7556}") = "QnA.Authorization.Server", "QnA.Authorization.Server\QnA.Authorization.Server.csproj", "{B9CDB38D-0527-4287-92B2-E32FC8B3D0B5}"
EndProject
Project("{9A19103F-16F7-4668-BE54-9A1E7A4F7556}") = "QnA.Application.Unit.Tests", "QnA.Tests\QnA.Application.Unit.Tests\QnA.Application.Unit.Tests.csproj", "{F65CB9FE-F065-4EBC-8CB1-BD728380E8D4}"
EndProject
Project("{2150E333-8FDC-42A3-9474-1A3956D46DE8}") = "Services", "Services", "{E92A501E-7BCF-4977-B342-917915DAE471}"
EndProject
Project("{2150E333-8FDC-42A3-9474-1A3956D46DE8}") = "IdentityService", "IdentityService", "{FA4A767F-924E-46BC-8041-410F0D97F724}"
EndProject
Project("{2150E333-8FDC-42A3-9474-1A3956D46DE8}") = "QuestionsService", "QuestionsService", "{AC20FB30-329A-4291-83C8-7DD532CA7AE3}"
EndProject
Project("{2150E333-8FDC-42A3-9474-1A3956D46DE8}") = "AnswersService", "AnswersService", "{4AE9A99A-60F7-4258-9E39-FBC1024E5FB7}"
EndProject
Project("{2150E333-8FDC-42A3-9474-1A3956D46DE8}") = "DraftsService", "DraftsService", "{58EDA061-FABF-4CD1-850C-C2C14235BB1F}"
EndProject
Project("{E53339B2-1760-4266-BCC7-CA923CBCF16C}") = "docker-compose", "docker-compose.dcproj", "{C8DA74F9-126F-4881-844C-AD255CA61684}"
EndProject
Project("{9A19103F-16F7-4668-BE54-9A1E7A4F7556}") = "QnA.Answers.Api", "Services\Answers\QnA.Answers.Api\QnA.Answers.Api.csproj", "{CEC9A6F3-8A03-4955-B598-333B0F1F6117}"
EndProject
Project("{9A19103F-16F7-4668-BE54-9A1E7A4F7556}") = "QnA.Drafts.Api", "Services\Drafts\QnA.Drafts.Api\QnA.Drafts.Api.csproj", "{A5551B70-CFB8-42FD-BFB1-D7F1B92553F4}"
EndProject
Project("{9A19103F-16F7-4668-BE54-9A1E7A4F7556}") = "QnA.Identity.Api", "Services\Identity\QnA.Identity.Api\QnA.Identity.Api.csproj", "{F1DE621F-A524-414B-B753-371D72A00D14}"
EndProject
Project("{9A19103F-16F7-4668-BE54-9A1E7A4F7556}") = "QnA.Questions.Api", "Services\Questions\QnA.Questions.Api\QnA.Questions.Api.csproj", "{46379C1B-B3DB-4507-8BDE-2554FCACF145}"
EndProject
Project("{2150E333-8FDC-42A3-9474-1A3956D46DE8}") = "ApiGateway", "ApiGateway", "{A6D81710-AD9E-49BD-A8F7-6D4736E5542A}"
EndProject
Project("{FAE04EC0-301F-11D3-BF4B-00C04F79EFBC}") = "QnA.Gateway.Api", "ApiGateway\QnA.Gateway.Api\QnA.Gateway.Api.csproj", "{F9CD4746-BD93-46E1-92A6-E8EA98C99B33}"
EndProject
Global
	GlobalSection(SolutionConfigurationPlatforms) = preSolution
		Debug|Any CPU = Debug|Any CPU
		Release|Any CPU = Release|Any CPU
	EndGlobalSection
	GlobalSection(ProjectConfigurationPlatforms) = postSolution
		{E6E0545D-019A-45E5-958B-2FF16171B151}.Debug|Any CPU.ActiveCfg = Debug|Any CPU
		{E6E0545D-019A-45E5-958B-2FF16171B151}.Debug|Any CPU.Build.0 = Debug|Any CPU
		{E6E0545D-019A-45E5-958B-2FF16171B151}.Release|Any CPU.ActiveCfg = Release|Any CPU
		{E6E0545D-019A-45E5-958B-2FF16171B151}.Release|Any CPU.Build.0 = Release|Any CPU
		{22D0AB89-8F45-4A9E-AA59-F11EE78EE7F7}.Debug|Any CPU.ActiveCfg = Debug|Any CPU
		{22D0AB89-8F45-4A9E-AA59-F11EE78EE7F7}.Debug|Any CPU.Build.0 = Debug|Any CPU
		{22D0AB89-8F45-4A9E-AA59-F11EE78EE7F7}.Release|Any CPU.ActiveCfg = Release|Any CPU
		{22D0AB89-8F45-4A9E-AA59-F11EE78EE7F7}.Release|Any CPU.Build.0 = Release|Any CPU
		{9F6C94C4-0AE7-409E-ADBE-C650001DD5F8}.Debug|Any CPU.ActiveCfg = Debug|Any CPU
		{9F6C94C4-0AE7-409E-ADBE-C650001DD5F8}.Debug|Any CPU.Build.0 = Debug|Any CPU
		{9F6C94C4-0AE7-409E-ADBE-C650001DD5F8}.Release|Any CPU.ActiveCfg = Release|Any CPU
		{9F6C94C4-0AE7-409E-ADBE-C650001DD5F8}.Release|Any CPU.Build.0 = Release|Any CPU
		{D13CFB22-C232-478C-801F-130D9A448388}.Debug|Any CPU.ActiveCfg = Debug|Any CPU
		{D13CFB22-C232-478C-801F-130D9A448388}.Debug|Any CPU.Build.0 = Debug|Any CPU
		{D13CFB22-C232-478C-801F-130D9A448388}.Release|Any CPU.ActiveCfg = Release|Any CPU
		{D13CFB22-C232-478C-801F-130D9A448388}.Release|Any CPU.Build.0 = Release|Any CPU
		{2FEA7FE6-32AE-4332-A3C8-CB45DD45123F}.Debug|Any CPU.ActiveCfg = Debug|Any CPU
		{2FEA7FE6-32AE-4332-A3C8-CB45DD45123F}.Debug|Any CPU.Build.0 = Debug|Any CPU
		{2FEA7FE6-32AE-4332-A3C8-CB45DD45123F}.Release|Any CPU.ActiveCfg = Release|Any CPU
		{2FEA7FE6-32AE-4332-A3C8-CB45DD45123F}.Release|Any CPU.Build.0 = Release|Any CPU
		{C3529DA5-94D9-44FE-BE33-4F63255F117F}.Debug|Any CPU.ActiveCfg = Debug|Any CPU
		{C3529DA5-94D9-44FE-BE33-4F63255F117F}.Debug|Any CPU.Build.0 = Debug|Any CPU
		{C3529DA5-94D9-44FE-BE33-4F63255F117F}.Release|Any CPU.ActiveCfg = Release|Any CPU
		{C3529DA5-94D9-44FE-BE33-4F63255F117F}.Release|Any CPU.Build.0 = Release|Any CPU
		{548942CB-8B2F-4FD5-9A07-B36D432080C7}.Debug|Any CPU.ActiveCfg = Debug|Any CPU
		{548942CB-8B2F-4FD5-9A07-B36D432080C7}.Debug|Any CPU.Build.0 = Debug|Any CPU
		{548942CB-8B2F-4FD5-9A07-B36D432080C7}.Release|Any CPU.ActiveCfg = Release|Any CPU
		{548942CB-8B2F-4FD5-9A07-B36D432080C7}.Release|Any CPU.Build.0 = Release|Any CPU
		{2D8183B6-EDE7-460C-8DCA-73A493EDF77A}.Debug|Any CPU.ActiveCfg = Debug|Any CPU
		{2D8183B6-EDE7-460C-8DCA-73A493EDF77A}.Debug|Any CPU.Build.0 = Debug|Any CPU
		{2D8183B6-EDE7-460C-8DCA-73A493EDF77A}.Release|Any CPU.ActiveCfg = Release|Any CPU
		{2D8183B6-EDE7-460C-8DCA-73A493EDF77A}.Release|Any CPU.Build.0 = Release|Any CPU
		{053DF486-A2CD-4F20-924C-99C67CD68AFA}.Debug|Any CPU.ActiveCfg = Debug|Any CPU
		{053DF486-A2CD-4F20-924C-99C67CD68AFA}.Debug|Any CPU.Build.0 = Debug|Any CPU
		{053DF486-A2CD-4F20-924C-99C67CD68AFA}.Release|Any CPU.ActiveCfg = Release|Any CPU
		{053DF486-A2CD-4F20-924C-99C67CD68AFA}.Release|Any CPU.Build.0 = Release|Any CPU
		{B9CDB38D-0527-4287-92B2-E32FC8B3D0B5}.Debug|Any CPU.ActiveCfg = Debug|Any CPU
		{B9CDB38D-0527-4287-92B2-E32FC8B3D0B5}.Debug|Any CPU.Build.0 = Debug|Any CPU
		{B9CDB38D-0527-4287-92B2-E32FC8B3D0B5}.Release|Any CPU.ActiveCfg = Release|Any CPU
		{B9CDB38D-0527-4287-92B2-E32FC8B3D0B5}.Release|Any CPU.Build.0 = Release|Any CPU
		{F65CB9FE-F065-4EBC-8CB1-BD728380E8D4}.Debug|Any CPU.ActiveCfg = Debug|Any CPU
		{F65CB9FE-F065-4EBC-8CB1-BD728380E8D4}.Debug|Any CPU.Build.0 = Debug|Any CPU
		{F65CB9FE-F065-4EBC-8CB1-BD728380E8D4}.Release|Any CPU.ActiveCfg = Release|Any CPU
		{F65CB9FE-F065-4EBC-8CB1-BD728380E8D4}.Release|Any CPU.Build.0 = Release|Any CPU
		{C8DA74F9-126F-4881-844C-AD255CA61684}.Debug|Any CPU.ActiveCfg = Debug|Any CPU
		{C8DA74F9-126F-4881-844C-AD255CA61684}.Debug|Any CPU.Build.0 = Debug|Any CPU
		{C8DA74F9-126F-4881-844C-AD255CA61684}.Release|Any CPU.ActiveCfg = Release|Any CPU
		{C8DA74F9-126F-4881-844C-AD255CA61684}.Release|Any CPU.Build.0 = Release|Any CPU
		{CEC9A6F3-8A03-4955-B598-333B0F1F6117}.Debug|Any CPU.ActiveCfg = Debug|Any CPU
		{CEC9A6F3-8A03-4955-B598-333B0F1F6117}.Debug|Any CPU.Build.0 = Debug|Any CPU
		{CEC9A6F3-8A03-4955-B598-333B0F1F6117}.Release|Any CPU.ActiveCfg = Release|Any CPU
		{CEC9A6F3-8A03-4955-B598-333B0F1F6117}.Release|Any CPU.Build.0 = Release|Any CPU
		{A5551B70-CFB8-42FD-BFB1-D7F1B92553F4}.Debug|Any CPU.ActiveCfg = Debug|Any CPU
		{A5551B70-CFB8-42FD-BFB1-D7F1B92553F4}.Debug|Any CPU.Build.0 = Debug|Any CPU
		{A5551B70-CFB8-42FD-BFB1-D7F1B92553F4}.Release|Any CPU.ActiveCfg = Release|Any CPU
		{A5551B70-CFB8-42FD-BFB1-D7F1B92553F4}.Release|Any CPU.Build.0 = Release|Any CPU
		{F1DE621F-A524-414B-B753-371D72A00D14}.Debug|Any CPU.ActiveCfg = Debug|Any CPU
		{F1DE621F-A524-414B-B753-371D72A00D14}.Debug|Any CPU.Build.0 = Debug|Any CPU
		{F1DE621F-A524-414B-B753-371D72A00D14}.Release|Any CPU.ActiveCfg = Release|Any CPU
		{F1DE621F-A524-414B-B753-371D72A00D14}.Release|Any CPU.Build.0 = Release|Any CPU
		{46379C1B-B3DB-4507-8BDE-2554FCACF145}.Debug|Any CPU.ActiveCfg = Debug|Any CPU
		{46379C1B-B3DB-4507-8BDE-2554FCACF145}.Debug|Any CPU.Build.0 = Debug|Any CPU
		{46379C1B-B3DB-4507-8BDE-2554FCACF145}.Release|Any CPU.ActiveCfg = Release|Any CPU
		{46379C1B-B3DB-4507-8BDE-2554FCACF145}.Release|Any CPU.Build.0 = Release|Any CPU
		{F9CD4746-BD93-46E1-92A6-E8EA98C99B33}.Debug|Any CPU.ActiveCfg = Debug|Any CPU
		{F9CD4746-BD93-46E1-92A6-E8EA98C99B33}.Debug|Any CPU.Build.0 = Debug|Any CPU
		{F9CD4746-BD93-46E1-92A6-E8EA98C99B33}.Release|Any CPU.ActiveCfg = Release|Any CPU
		{F9CD4746-BD93-46E1-92A6-E8EA98C99B33}.Release|Any CPU.Build.0 = Release|Any CPU
	EndGlobalSection
	GlobalSection(SolutionProperties) = preSolution
		HideSolutionNode = FALSE
	EndGlobalSection
	GlobalSection(NestedProjects) = preSolution
		{E6E0545D-019A-45E5-958B-2FF16171B151} = {81D7AA32-40AA-402A-AA50-207B38368C6B}
		{22D0AB89-8F45-4A9E-AA59-F11EE78EE7F7} = {F3FDF9BD-FA22-4F7E-B016-2D3AA30B7E92}
		{9F6C94C4-0AE7-409E-ADBE-C650001DD5F8} = {677C8110-BE22-4571-BC97-C30D68D439D5}
		{D13CFB22-C232-478C-801F-130D9A448388} = {677C8110-BE22-4571-BC97-C30D68D439D5}
		{2FEA7FE6-32AE-4332-A3C8-CB45DD45123F} = {3FA42532-B19E-45AF-9CEA-3975E1C31EAD}
		{C3529DA5-94D9-44FE-BE33-4F63255F117F} = {677C8110-BE22-4571-BC97-C30D68D439D5}
		{548942CB-8B2F-4FD5-9A07-B36D432080C7} = {677C8110-BE22-4571-BC97-C30D68D439D5}
		{2D8183B6-EDE7-460C-8DCA-73A493EDF77A} = {677C8110-BE22-4571-BC97-C30D68D439D5}
		{053DF486-A2CD-4F20-924C-99C67CD68AFA} = {4ABA1E83-5816-4ED2-ADB4-C534E80E9C4C}
		{B9CDB38D-0527-4287-92B2-E32FC8B3D0B5} = {DC9C7EC9-5DE6-45C4-8E98-A6DF1DF283DC}
		{F65CB9FE-F065-4EBC-8CB1-BD728380E8D4} = {F3FDF9BD-FA22-4F7E-B016-2D3AA30B7E92}
		{FA4A767F-924E-46BC-8041-410F0D97F724} = {E92A501E-7BCF-4977-B342-917915DAE471}
		{AC20FB30-329A-4291-83C8-7DD532CA7AE3} = {E92A501E-7BCF-4977-B342-917915DAE471}
		{4AE9A99A-60F7-4258-9E39-FBC1024E5FB7} = {E92A501E-7BCF-4977-B342-917915DAE471}
		{58EDA061-FABF-4CD1-850C-C2C14235BB1F} = {E92A501E-7BCF-4977-B342-917915DAE471}
		{CEC9A6F3-8A03-4955-B598-333B0F1F6117} = {4AE9A99A-60F7-4258-9E39-FBC1024E5FB7}
		{A5551B70-CFB8-42FD-BFB1-D7F1B92553F4} = {58EDA061-FABF-4CD1-850C-C2C14235BB1F}
		{F1DE621F-A524-414B-B753-371D72A00D14} = {FA4A767F-924E-46BC-8041-410F0D97F724}
		{46379C1B-B3DB-4507-8BDE-2554FCACF145} = {AC20FB30-329A-4291-83C8-7DD532CA7AE3}
		{F9CD4746-BD93-46E1-92A6-E8EA98C99B33} = {A6D81710-AD9E-49BD-A8F7-6D4736E5542A}
	EndGlobalSection
	GlobalSection(ExtensibilityGlobals) = postSolution
		SolutionGuid = {89B685AC-F216-4A45-B615-3006FBB8217E}
	EndGlobalSection
EndGlobal
