{
  "requires": true,
  "lockfileVersion": 1,
  "dependencies": {
    "asap": {
      "version": "2.0.6",
      "resolved": "https://registry.npmjs.org/asap/-/asap-2.0.6.tgz",
      "integrity": "sha1-5QNHYR1+aQlDIIu9r+vLwvuGbUY="
    },
    "babel-runtime": {
      "version": "6.26.0",
      "resolved": "https://registry.npmjs.org/babel-runtime/-/babel-runtime-6.26.0.tgz",
      "integrity": "sha1-llxwWGaOgrVde/4E/yM3vItWR/4=",
      "requires": {
        "core-js": "^2.4.0",
        "regenerator-runtime": "^0.11.0"
      }
    },
    "class-autobind": {
      "version": "0.1.4",
      "resolved": "https://registry.npmjs.org/class-autobind/-/class-autobind-0.1.4.tgz",
      "integrity": "sha1-NFFsSRZ8+NP2Od3Bhrz6Imiv/zQ="
    },
    "classnames": {
      "version": "2.2.6",
      "resolved": "https://registry.npmjs.org/classnames/-/classnames-2.2.6.tgz",
      "integrity": "sha512-JR/iSQOSt+LQIWwrwEzJ9uk0xfN3mTVYMwt1Ir5mUcSN6pU+V4zQFFaJsclJbPuAUQH+yfWef6tm7l1quW3C8Q=="
    },
    "core-js": {
      "version": "2.6.9",
      "resolved": "https://registry.npmjs.org/core-js/-/core-js-2.6.9.tgz",
      "integrity": "sha512-HOpZf6eXmnl7la+cUdMnLvUxKNqLUzJvgIziQ0DiF3JwSImNphIqdGqzj6hIKyX04MmV0poclQ7+wjWvxQyR2A=="
    },
    "draft-js": {
      "version": "0.11.0",
      "resolved": "https://registry.npmjs.org/draft-js/-/draft-js-0.11.0.tgz",
      "integrity": "sha512-kNVaI3rLiNUSXoCuc5OxOQfzvtFEsOhRgWVHz5nU4b1APvYiOnY5Y2H76ZmB5990//cZysul09FbnzP+YAKNJA==",
      "requires": {
        "fbjs": "^1.0.0",
        "immutable": "~3.7.4",
        "object-assign": "^4.1.0"
      },
      "dependencies": {
        "immutable": {
          "version": "3.7.6",
          "resolved": "https://registry.npmjs.org/immutable/-/immutable-3.7.6.tgz",
          "integrity": "sha1-E7TTyxK++hVIKib+Gy665kAHHks="
        }
      }
    },
    "draft-js-export-html": {
      "version": "1.4.1",
      "resolved": "https://registry.npmjs.org/draft-js-export-html/-/draft-js-export-html-1.4.1.tgz",
      "integrity": "sha512-G4VGBSalPowktIE4wp3rFbhjs+Ln9IZ2FhXeHjsZDSw0a2+h+BjKu5Enq+mcsyVb51RW740GBK8Xbf7Iic51tw==",
      "requires": {
        "draft-js-utils": "^1.4.0"
      }
    },
    "draft-js-export-markdown": {
      "version": "1.4.0",
      "resolved": "https://registry.npmjs.org/draft-js-export-markdown/-/draft-js-export-markdown-1.4.0.tgz",
      "integrity": "sha512-blfAvlhGhjVlHNaZ5WJKlrXhcftnwwC5VC+Eu3ztOGpGLaOom4hxhBjbKEWjvbQZJ9zL+xo57ukm39prYZMG5Q==",
      "requires": {
        "draft-js-utils": "^1.4.0"
      }
    },
    "draft-js-import-element": {
      "version": "1.4.0",
      "resolved": "https://registry.npmjs.org/draft-js-import-element/-/draft-js-import-element-1.4.0.tgz",
      "integrity": "sha512-WmYT5PrCm47lGL5FkH6sRO3TTAcn7qNHsD3igiPqLG/RXrqyKrqN4+wBgbcT2lhna/yfWTRtgzAbQsSJoS1Meg==",
      "requires": {
        "draft-js-utils": "^1.4.0",
        "synthetic-dom": "^1.4.0"
      }
    },
    "draft-js-import-html": {
      "version": "1.4.1",
      "resolved": "https://registry.npmjs.org/draft-js-import-html/-/draft-js-import-html-1.4.1.tgz",
      "integrity": "sha512-KOZmtgxZriCDgg5Smr3Y09TjubvXe7rHPy/2fuLSsL+aSzwUDwH/aHDA/k47U+WfpmL4qgyg4oZhqx9TYJV0tg==",
      "requires": {
        "draft-js-import-element": "^1.4.0"
      }
    },
    "draft-js-import-markdown": {
      "version": "1.4.0",
      "resolved": "https://registry.npmjs.org/draft-js-import-markdown/-/draft-js-import-markdown-1.4.0.tgz",
      "integrity": "sha512-mpKUxzDM+x7W+eCZegCAxl3QJzNGA3Y+DbBMMekzCdPHONLJAZ1QYYjegbXa6+pZGq8FAIhgWaVbfKWMb8M8dQ==",
      "requires": {
        "draft-js-import-element": "^1.4.0",
        "synthetic-dom": "^1.4.0"
      }
    },
    "draft-js-utils": {
      "version": "1.4.0",
      "resolved": "https://registry.npmjs.org/draft-js-utils/-/draft-js-utils-1.4.0.tgz",
      "integrity": "sha512-8s9FFuKC+lOWGwJ0b3om2PF+uXrqQPaEQlPJI7UxdzxTYGMeKouMPA9+YlPn52zcAVElIZtd2tXj6eQmvlKelw=="
    },
    "encoding": {
      "version": "0.1.12",
      "resolved": "https://registry.npmjs.org/encoding/-/encoding-0.1.12.tgz",
      "integrity": "sha1-U4tm8+5izRq1HsMjgp0flIDHS+s=",
      "requires": {
        "iconv-lite": "~0.4.13"
      }
    },
    "fbjs": {
      "version": "1.0.0",
      "resolved": "https://registry.npmjs.org/fbjs/-/fbjs-1.0.0.tgz",
      "integrity": "sha512-MUgcMEJaFhCaF1QtWGnmq9ZDRAzECTCRAF7O6UZIlAlkTs1SasiX9aP0Iw7wfD2mJ7wDTNfg2w7u5fSCwJk1OA==",
      "requires": {
        "core-js": "^2.4.1",
        "fbjs-css-vars": "^1.0.0",
        "isomorphic-fetch": "^2.1.1",
        "loose-envify": "^1.0.0",
        "object-assign": "^4.1.0",
        "promise": "^7.1.1",
        "setimmediate": "^1.0.5",
        "ua-parser-js": "^0.7.18"
      }
    },
    "fbjs-css-vars": {
      "version": "1.0.2",
      "resolved": "https://registry.npmjs.org/fbjs-css-vars/-/fbjs-css-vars-1.0.2.tgz",
      "integrity": "sha512-b2XGFAFdWZWg0phtAWLHCk836A1Xann+I+Dgd3Gk64MHKZO44FfoD1KxyvbSh0qZsIoXQGGlVztIY+oitJPpRQ=="
    },
    "iconv-lite": {
      "version": "0.4.24",
      "resolved": "https://registry.npmjs.org/iconv-lite/-/iconv-lite-0.4.24.tgz",
      "integrity": "sha512-v3MXnZAcvnywkTUEZomIActle7RXXeedOR31wwl7VlyoXO4Qi9arvSenNQWne1TcRwhCL1HwLI21bEqdpj8/rA==",
      "requires": {
        "safer-buffer": ">= 2.1.2 < 3"
      }
    },
    "immutable": {
      "version": "3.8.2",
      "resolved": "https://registry.npmjs.org/immutable/-/immutable-3.8.2.tgz",
      "integrity": "sha1-wkOZUUVbs5kT2vKBN28VMOEErfM="
    },
    "is-stream": {
      "version": "1.1.0",
      "resolved": "https://registry.npmjs.org/is-stream/-/is-stream-1.1.0.tgz",
      "integrity": "sha1-EtSj3U5o4Lec6428hBc66A2RykQ="
    },
    "isomorphic-fetch": {
      "version": "2.2.1",
      "resolved": "https://registry.npmjs.org/isomorphic-fetch/-/isomorphic-fetch-2.2.1.tgz",
      "integrity": "sha1-YRrhrPFPXoH3KVB0coGf6XM1WKk=",
      "requires": {
        "node-fetch": "^1.0.1",
        "whatwg-fetch": ">=0.10.0"
      }
    },
    "js-tokens": {
      "version": "4.0.0",
      "resolved": "https://registry.npmjs.org/js-tokens/-/js-tokens-4.0.0.tgz",
      "integrity": "sha512-RdJUflcE3cUzKiMqQgsCu06FPu9UdIJO0beYbPhHN4k6apgJtifcoCtT9bcxOpYBtpD2kCM6Sbzg4CausW/PKQ=="
    },
    "loose-envify": {
      "version": "1.4.0",
      "resolved": "https://registry.npmjs.org/loose-envify/-/loose-envify-1.4.0.tgz",
      "integrity": "sha512-lyuxPGr/Wfhrlem2CL/UcnUc1zcqKAImBDzukY7Y5F/yQiNdko6+fRLevlw1HgMySw7f611UIY408EtxRSoK3Q==",
      "requires": {
        "js-tokens": "^3.0.0 || ^4.0.0"
      }
    },
    "node-fetch": {
      "version": "1.7.3",
      "resolved": "https://registry.npmjs.org/node-fetch/-/node-fetch-1.7.3.tgz",
      "integrity": "sha512-NhZ4CsKx7cYm2vSrBAr2PvFOe6sWDf0UYLRqA6svUYg7+/TSfVAu49jYC4BvQ4Sms9SZgdqGBgroqfDhJdTyKQ==",
      "requires": {
        "encoding": "^0.1.11",
        "is-stream": "^1.0.1"
      }
    },
    "object-assign": {
      "version": "4.1.1",
      "resolved": "https://registry.npmjs.org/object-assign/-/object-assign-4.1.1.tgz",
      "integrity": "sha1-IQmtx5ZYh8/AXLvUQsrIv7s2CGM="
    },
    "promise": {
      "version": "7.3.1",
      "resolved": "https://registry.npmjs.org/promise/-/promise-7.3.1.tgz",
      "integrity": "sha512-nolQXZ/4L+bP/UGlkfaIujX9BKxGwmQ9OT4mOt5yvy8iK1h3wqTEJCijzGANTCCl9nWjY41juyAn2K3Q1hLLTg==",
      "requires": {
        "asap": "~2.0.3"
      }
    },
    "react-rte": {
      "version": "0.16.1",
      "resolved": "https://registry.npmjs.org/react-rte/-/react-rte-0.16.1.tgz",
      "integrity": "sha512-CD5kf+6CHqOgJ1yB0i9tkMMch13wOXW5/FQx60gb7nzhXC1ZeFJjtW9dYfCVlfw1AvksHf+lMmKTjhIwyfZR7w==",
      "requires": {
        "babel-runtime": "^6.23.0",
        "class-autobind": "^0.1.4",
        "classnames": "^2.2.5",
        "draft-js": ">=0.10.0",
        "draft-js-export-html": ">=0.6.0",
        "draft-js-export-markdown": ">=0.3.0",
        "draft-js-import-html": ">=0.4.0",
        "draft-js-import-markdown": ">=0.3.0",
        "draft-js-utils": ">=0.2.0",
        "immutable": "^3.8.1"
      }
    },
    "regenerator-runtime": {
      "version": "0.11.1",
      "resolved": "https://registry.npmjs.org/regenerator-runtime/-/regenerator-runtime-0.11.1.tgz",
      "integrity": "sha512-MguG95oij0fC3QV3URf4V2SDYGJhJnJGqvIIgdECeODCT98wSWDAJ94SSuVpYQUoTcGUIL6L4yNB7j1DFFHSBg=="
    },
    "safer-buffer": {
      "version": "2.1.2",
      "resolved": "https://registry.npmjs.org/safer-buffer/-/safer-buffer-2.1.2.tgz",
      "integrity": "sha512-YZo3K82SD7Riyi0E1EQPojLz7kpepnSQI9IyPbHHg1XXXevb5dJI7tpyN2ADxGcQbHG7vcyRHk0cbwqcQriUtg=="
    },
    "setimmediate": {
      "version": "1.0.5",
      "resolved": "https://registry.npmjs.org/setimmediate/-/setimmediate-1.0.5.tgz",
      "integrity": "sha1-KQy7Iy4waULX1+qbg3Mqt4VvgoU="
    },
    "synthetic-dom": {
      "version": "1.4.0",
      "resolved": "https://registry.npmjs.org/synthetic-dom/-/synthetic-dom-1.4.0.tgz",
      "integrity": "sha512-mHv51ZsmZ+ShT/4s5kg+MGUIhY7Ltq4v03xpN1c8T1Krb5pScsh/lzEjyhrVD0soVDbThbd2e+4dD9vnDG4rhg=="
    },
    "ua-parser-js": {
      "version": "0.7.20",
      "resolved": "https://registry.npmjs.org/ua-parser-js/-/ua-parser-js-0.7.20.tgz",
      "integrity": "sha512-8OaIKfzL5cpx8eCMAhhvTlft8GYF8b2eQr6JkCyVdrgjcytyOmPCXrqXFcUnhonRpLlh5yxEZVohm6mzaowUOw=="
    },
    "whatwg-fetch": {
      "version": "3.0.0",
      "resolved": "https://registry.npmjs.org/whatwg-fetch/-/whatwg-fetch-3.0.0.tgz",
      "integrity": "sha512-9GSJUgz1D4MfyKU7KRqwOjXCXTqWdFNvEr7eUBYchQiVc744mqK/MzXPNR2WsPkmkOa4ywfg8C2n8h+13Bey1Q=="
    }
  }
}
