
Microsoft Visual Studio Solution File, Format Version 12.00
# Visual Studio Version 16
VisualStudioVersion = 16.0.28917.181
MinimumVisualStudioVersion = 10.0.40219.1
Project("{9A19103F-16F7-4668-BE54-9A1E7A4F7556}") = "Api", "Api\Api.csproj", "{8D2FA161-0267-442B-B404-87410EDB07AB}"
EndProject
Project("{2150E333-8FDC-42A3-9474-1A3956D46DE8}") = "Domain", "Domain", "{81D7AA32-40AA-402A-AA50-207B38368C6B}"
EndProject
Project("{9A19103F-16F7-4668-BE54-9A1E7A4F7556}") = "QnA.Domain", "QnA.Domain\QnA.Domain.csproj", "{E6E0545D-019A-45E5-958B-2FF16171B151}"
EndProject
Project("{2150E333-8FDC-42A3-9474-1A3956D46DE8}") = "Infrastructure", "Infrastructure", "{677C8110-BE22-4571-BC97-C30D68D439D5}"
EndProject
Project("{2150E333-8FDC-42A3-9474-1A3956D46DE8}") = "Application", "Application", "{F3FDF9BD-FA22-4F7E-B016-2D3AA30B7E92}"
EndProject
Project("{9A19103F-16F7-4668-BE54-9A1E7A4F7556}") = "QnA.Application", "QnA.Application\QnA.Application.csproj", "{22D0AB89-8F45-4A9E-AA59-F11EE78EE7F7}"
EndProject
Project("{9A19103F-16F7-4668-BE54-9A1E7A4F7556}") = "QnA.Persistence", "QnA.Persistence\QnA.Persistence.csproj", "{9F6C94C4-0AE7-409E-ADBE-C650001DD5F8}"
EndProject
Project("{9A19103F-16F7-4668-BE54-9A1E7A4F7556}") = "QnA.Authentication", "QnA.Authentication\QnA.Authentication.csproj", "{D13CFB22-C232-478C-801F-130D9A448388}"
EndProject
Project("{2150E333-8FDC-42A3-9474-1A3956D46DE8}") = "Common", "Common", "{3FA42532-B19E-45AF-9CEA-3975E1C31EAD}"
EndProject
Project("{9A19103F-16F7-4668-BE54-9A1E7A4F7556}") = "QnA.Common", "QnA.Common\QnA.Common.csproj", "{2FEA7FE6-32AE-4332-A3C8-CB45DD45123F}"
EndProject
Project("{9A19103F-16F7-4668-BE54-9A1E7A4F7556}") = "QnA.Security", "QnA.Security\QnA.Security.csproj", "{C3529DA5-94D9-44FE-BE33-4F63255F117F}"
EndProject
Project("{9A19103F-16F7-4668-BE54-9A1E7A4F7556}") = "QnA.FileStorage", "QnA.FileStorage\QnA.FileStorage.csproj", "{548942CB-8B2F-4FD5-9A07-B36D432080C7}"
EndProject
Global
	GlobalSection(SolutionConfigurationPlatforms) = preSolution
		Debug|Any CPU = Debug|Any CPU
		Release|Any CPU = Release|Any CPU
	EndGlobalSection
	GlobalSection(ProjectConfigurationPlatforms) = postSolution
		{8D2FA161-0267-442B-B404-87410EDB07AB}.Debug|Any CPU.ActiveCfg = Debug|Any CPU
		{8D2FA161-0267-442B-B404-87410EDB07AB}.Debug|Any CPU.Build.0 = Debug|Any CPU
		{8D2FA161-0267-442B-B404-87410EDB07AB}.Release|Any CPU.ActiveCfg = Release|Any CPU
		{8D2FA161-0267-442B-B404-87410EDB07AB}.Release|Any CPU.Build.0 = Release|Any CPU
		{E6E0545D-019A-45E5-958B-2FF16171B151}.Debug|Any CPU.ActiveCfg = Debug|Any CPU
		{E6E0545D-019A-45E5-958B-2FF16171B151}.Debug|Any CPU.Build.0 = Debug|Any CPU
		{E6E0545D-019A-45E5-958B-2FF16171B151}.Release|Any CPU.ActiveCfg = Release|Any CPU
		{E6E0545D-019A-45E5-958B-2FF16171B151}.Release|Any CPU.Build.0 = Release|Any CPU
		{22D0AB89-8F45-4A9E-AA59-F11EE78EE7F7}.Debug|Any CPU.ActiveCfg = Debug|Any CPU
		{22D0AB89-8F45-4A9E-AA59-F11EE78EE7F7}.Debug|Any CPU.Build.0 = Debug|Any CPU
		{22D0AB89-8F45-4A9E-AA59-F11EE78EE7F7}.Release|Any CPU.ActiveCfg = Release|Any CPU
		{22D0AB89-8F45-4A9E-AA59-F11EE78EE7F7}.Release|Any CPU.Build.0 = Release|Any CPU
		{9F6C94C4-0AE7-409E-ADBE-C650001DD5F8}.Debug|Any CPU.ActiveCfg = Debug|Any CPU
		{9F6C94C4-0AE7-409E-ADBE-C650001DD5F8}.Debug|Any CPU.Build.0 = Debug|Any CPU
		{9F6C94C4-0AE7-409E-ADBE-C650001DD5F8}.Release|Any CPU.ActiveCfg = Release|Any CPU
		{9F6C94C4-0AE7-409E-ADBE-C650001DD5F8}.Release|Any CPU.Build.0 = Release|Any CPU
		{D13CFB22-C232-478C-801F-130D9A448388}.Debug|Any CPU.ActiveCfg = Debug|Any CPU
		{D13CFB22-C232-478C-801F-130D9A448388}.Debug|Any CPU.Build.0 = Debug|Any CPU
		{D13CFB22-C232-478C-801F-130D9A448388}.Release|Any CPU.ActiveCfg = Release|Any CPU
		{D13CFB22-C232-478C-801F-130D9A448388}.Release|Any CPU.Build.0 = Release|Any CPU
		{2FEA7FE6-32AE-4332-A3C8-CB45DD45123F}.Debug|Any CPU.ActiveCfg = Debug|Any CPU
		{2FEA7FE6-32AE-4332-A3C8-CB45DD45123F}.Debug|Any CPU.Build.0 = Debug|Any CPU
		{2FEA7FE6-32AE-4332-A3C8-CB45DD45123F}.Release|Any CPU.ActiveCfg = Release|Any CPU
		{2FEA7FE6-32AE-4332-A3C8-CB45DD45123F}.Release|Any CPU.Build.0 = Release|Any CPU
		{C3529DA5-94D9-44FE-BE33-4F63255F117F}.Debug|Any CPU.ActiveCfg = Debug|Any CPU
		{C3529DA5-94D9-44FE-BE33-4F63255F117F}.Debug|Any CPU.Build.0 = Debug|Any CPU
		{C3529DA5-94D9-44FE-BE33-4F63255F117F}.Release|Any CPU.ActiveCfg = Release|Any CPU
		{C3529DA5-94D9-44FE-BE33-4F63255F117F}.Release|Any CPU.Build.0 = Release|Any CPU
		{548942CB-8B2F-4FD5-9A07-B36D432080C7}.Debug|Any CPU.ActiveCfg = Debug|Any CPU
		{548942CB-8B2F-4FD5-9A07-B36D432080C7}.Debug|Any CPU.Build.0 = Debug|Any CPU
		{548942CB-8B2F-4FD5-9A07-B36D432080C7}.Release|Any CPU.ActiveCfg = Release|Any CPU
		{548942CB-8B2F-4FD5-9A07-B36D432080C7}.Release|Any CPU.Build.0 = Release|Any CPU
	EndGlobalSection
	GlobalSection(SolutionProperties) = preSolution
		HideSolutionNode = FALSE
	EndGlobalSection
	GlobalSection(NestedProjects) = preSolution
		{E6E0545D-019A-45E5-958B-2FF16171B151} = {81D7AA32-40AA-402A-AA50-207B38368C6B}
		{22D0AB89-8F45-4A9E-AA59-F11EE78EE7F7} = {F3FDF9BD-FA22-4F7E-B016-2D3AA30B7E92}
		{9F6C94C4-0AE7-409E-ADBE-C650001DD5F8} = {677C8110-BE22-4571-BC97-C30D68D439D5}
		{D13CFB22-C232-478C-801F-130D9A448388} = {677C8110-BE22-4571-BC97-C30D68D439D5}
		{2FEA7FE6-32AE-4332-A3C8-CB45DD45123F} = {3FA42532-B19E-45AF-9CEA-3975E1C31EAD}
		{C3529DA5-94D9-44FE-BE33-4F63255F117F} = {677C8110-BE22-4571-BC97-C30D68D439D5}
		{548942CB-8B2F-4FD5-9A07-B36D432080C7} = {677C8110-BE22-4571-BC97-C30D68D439D5}
	EndGlobalSection
	GlobalSection(ExtensibilityGlobals) = postSolution
		SolutionGuid = {89B685AC-F216-4A45-B615-3006FBB8217E}
	EndGlobalSection
EndGlobal
