
Microsoft Visual Studio Solution File, Format Version 12.00
# Visual Studio Version 16
VisualStudioVersion = 16.0.28917.181
MinimumVisualStudioVersion = 10.0.40219.1
Project("{2150E333-8FDC-42A3-9474-1A3956D46DE8}") = "Services", "Services", "{E92A501E-7BCF-4977-B342-917915DAE471}"
EndProject
Project("{2150E333-8FDC-42A3-9474-1A3956D46DE8}") = "IdentityService", "IdentityService", "{FA4A767F-924E-46BC-8041-410F0D97F724}"
EndProject
Project("{2150E333-8FDC-42A3-9474-1A3956D46DE8}") = "QuestionsService", "QuestionsService", "{AC20FB30-329A-4291-83C8-7DD532CA7AE3}"
EndProject
Project("{2150E333-8FDC-42A3-9474-1A3956D46DE8}") = "AnswersService", "AnswersService", "{4AE9A99A-60F7-4258-9E39-FBC1024E5FB7}"
EndProject
Project("{2150E333-8FDC-42A3-9474-1A3956D46DE8}") = "DraftsService", "DraftsService", "{58EDA061-FABF-4CD1-850C-C2C14235BB1F}"
EndProject
Project("{E53339B2-1760-4266-BCC7-CA923CBCF16C}") = "docker-compose", "docker-compose.dcproj", "{C8DA74F9-126F-4881-844C-AD255CA61684}"
EndProject
Project("{9A19103F-16F7-4668-BE54-9A1E7A4F7556}") = "QnA.Answers.Api", "Services\Answers\QnA.Answers.Api\QnA.Answers.Api.csproj", "{CEC9A6F3-8A03-4955-B598-333B0F1F6117}"
EndProject
Project("{9A19103F-16F7-4668-BE54-9A1E7A4F7556}") = "QnA.Drafts.Api", "Services\Drafts\QnA.Drafts.Api\QnA.Drafts.Api.csproj", "{A5551B70-CFB8-42FD-BFB1-D7F1B92553F4}"
EndProject
Project("{9A19103F-16F7-4668-BE54-9A1E7A4F7556}") = "QnA.Identity.Api", "Services\Identity\QnA.Identity.Api\QnA.Identity.Api.csproj", "{F1DE621F-A524-414B-B753-371D72A00D14}"
EndProject
Project("{9A19103F-16F7-4668-BE54-9A1E7A4F7556}") = "QnA.Questions.Api", "Services\Questions\QnA.Questions.Api\QnA.Questions.Api.csproj", "{46379C1B-B3DB-4507-8BDE-2554FCACF145}"
EndProject
Project("{2150E333-8FDC-42A3-9474-1A3956D46DE8}") = "ApiGateway", "ApiGateway", "{A6D81710-AD9E-49BD-A8F7-6D4736E5542A}"
EndProject
Project("{9A19103F-16F7-4668-BE54-9A1E7A4F7556}") = "QnA.Gateway.Api", "ApiGateway\QnA.Gateway.Api\QnA.Gateway.Api.csproj", "{F9CD4746-BD93-46E1-92A6-E8EA98C99B33}"
EndProject
Project("{2150E333-8FDC-42A3-9474-1A3956D46DE8}") = "Shared", "Shared", "{8754D3F5-DA9F-47A3-8C2C-7C0C115841CF}"
EndProject
Global
	GlobalSection(SolutionConfigurationPlatforms) = preSolution
		Debug|Any CPU = Debug|Any CPU
		Local|Any CPU = Local|Any CPU
		Release|Any CPU = Release|Any CPU
	EndGlobalSection
	GlobalSection(ProjectConfigurationPlatforms) = postSolution
		{C8DA74F9-126F-4881-844C-AD255CA61684}.Debug|Any CPU.ActiveCfg = Debug|Any CPU
		{C8DA74F9-126F-4881-844C-AD255CA61684}.Debug|Any CPU.Build.0 = Debug|Any CPU
		{C8DA74F9-126F-4881-844C-AD255CA61684}.Local|Any CPU.ActiveCfg = Release|Any CPU
		{C8DA74F9-126F-4881-844C-AD255CA61684}.Local|Any CPU.Build.0 = Release|Any CPU
		{C8DA74F9-126F-4881-844C-AD255CA61684}.Release|Any CPU.ActiveCfg = Release|Any CPU
		{C8DA74F9-126F-4881-844C-AD255CA61684}.Release|Any CPU.Build.0 = Release|Any CPU
		{CEC9A6F3-8A03-4955-B598-333B0F1F6117}.Debug|Any CPU.ActiveCfg = Debug|Any CPU
		{CEC9A6F3-8A03-4955-B598-333B0F1F6117}.Debug|Any CPU.Build.0 = Debug|Any CPU
		{CEC9A6F3-8A03-4955-B598-333B0F1F6117}.Local|Any CPU.ActiveCfg = Local|Any CPU
		{CEC9A6F3-8A03-4955-B598-333B0F1F6117}.Local|Any CPU.Build.0 = Local|Any CPU
		{CEC9A6F3-8A03-4955-B598-333B0F1F6117}.Release|Any CPU.ActiveCfg = Release|Any CPU
		{CEC9A6F3-8A03-4955-B598-333B0F1F6117}.Release|Any CPU.Build.0 = Release|Any CPU
		{A5551B70-CFB8-42FD-BFB1-D7F1B92553F4}.Debug|Any CPU.ActiveCfg = Debug|Any CPU
		{A5551B70-CFB8-42FD-BFB1-D7F1B92553F4}.Debug|Any CPU.Build.0 = Debug|Any CPU
		{A5551B70-CFB8-42FD-BFB1-D7F1B92553F4}.Local|Any CPU.ActiveCfg = Release|Any CPU
		{A5551B70-CFB8-42FD-BFB1-D7F1B92553F4}.Local|Any CPU.Build.0 = Release|Any CPU
		{A5551B70-CFB8-42FD-BFB1-D7F1B92553F4}.Release|Any CPU.ActiveCfg = Release|Any CPU
		{A5551B70-CFB8-42FD-BFB1-D7F1B92553F4}.Release|Any CPU.Build.0 = Release|Any CPU
		{F1DE621F-A524-414B-B753-371D72A00D14}.Debug|Any CPU.ActiveCfg = Debug|Any CPU
		{F1DE621F-A524-414B-B753-371D72A00D14}.Debug|Any CPU.Build.0 = Debug|Any CPU
		{F1DE621F-A524-414B-B753-371D72A00D14}.Local|Any CPU.ActiveCfg = Release|Any CPU
		{F1DE621F-A524-414B-B753-371D72A00D14}.Local|Any CPU.Build.0 = Release|Any CPU
		{F1DE621F-A524-414B-B753-371D72A00D14}.Release|Any CPU.ActiveCfg = Release|Any CPU
		{F1DE621F-A524-414B-B753-371D72A00D14}.Release|Any CPU.Build.0 = Release|Any CPU
		{46379C1B-B3DB-4507-8BDE-2554FCACF145}.Debug|Any CPU.ActiveCfg = Debug|Any CPU
		{46379C1B-B3DB-4507-8BDE-2554FCACF145}.Debug|Any CPU.Build.0 = Debug|Any CPU
		{46379C1B-B3DB-4507-8BDE-2554FCACF145}.Local|Any CPU.ActiveCfg = Release|Any CPU
		{46379C1B-B3DB-4507-8BDE-2554FCACF145}.Local|Any CPU.Build.0 = Release|Any CPU
		{46379C1B-B3DB-4507-8BDE-2554FCACF145}.Release|Any CPU.ActiveCfg = Release|Any CPU
		{46379C1B-B3DB-4507-8BDE-2554FCACF145}.Release|Any CPU.Build.0 = Release|Any CPU
		{F9CD4746-BD93-46E1-92A6-E8EA98C99B33}.Debug|Any CPU.ActiveCfg = Debug|Any CPU
		{F9CD4746-BD93-46E1-92A6-E8EA98C99B33}.Debug|Any CPU.Build.0 = Debug|Any CPU
		{F9CD4746-BD93-46E1-92A6-E8EA98C99B33}.Local|Any CPU.ActiveCfg = Release|Any CPU
		{F9CD4746-BD93-46E1-92A6-E8EA98C99B33}.Local|Any CPU.Build.0 = Release|Any CPU
		{F9CD4746-BD93-46E1-92A6-E8EA98C99B33}.Release|Any CPU.ActiveCfg = Release|Any CPU
		{F9CD4746-BD93-46E1-92A6-E8EA98C99B33}.Release|Any CPU.Build.0 = Release|Any CPU
	EndGlobalSection
	GlobalSection(SolutionProperties) = preSolution
		HideSolutionNode = FALSE
	EndGlobalSection
	GlobalSection(NestedProjects) = preSolution
		{FA4A767F-924E-46BC-8041-410F0D97F724} = {E92A501E-7BCF-4977-B342-917915DAE471}
		{AC20FB30-329A-4291-83C8-7DD532CA7AE3} = {E92A501E-7BCF-4977-B342-917915DAE471}
		{4AE9A99A-60F7-4258-9E39-FBC1024E5FB7} = {E92A501E-7BCF-4977-B342-917915DAE471}
		{58EDA061-FABF-4CD1-850C-C2C14235BB1F} = {E92A501E-7BCF-4977-B342-917915DAE471}
		{CEC9A6F3-8A03-4955-B598-333B0F1F6117} = {4AE9A99A-60F7-4258-9E39-FBC1024E5FB7}
		{A5551B70-CFB8-42FD-BFB1-D7F1B92553F4} = {58EDA061-FABF-4CD1-850C-C2C14235BB1F}
		{F1DE621F-A524-414B-B753-371D72A00D14} = {FA4A767F-924E-46BC-8041-410F0D97F724}
		{46379C1B-B3DB-4507-8BDE-2554FCACF145} = {AC20FB30-329A-4291-83C8-7DD532CA7AE3}
		{F9CD4746-BD93-46E1-92A6-E8EA98C99B33} = {A6D81710-AD9E-49BD-A8F7-6D4736E5542A}
		{8754D3F5-DA9F-47A3-8C2C-7C0C115841CF} = {E92A501E-7BCF-4977-B342-917915DAE471}
	EndGlobalSection
	GlobalSection(ExtensibilityGlobals) = postSolution
		SolutionGuid = {89B685AC-F216-4A45-B615-3006FBB8217E}
	EndGlobalSection
EndGlobal
